
Microsoft Visual Studio Solution File, Format Version 12.00
# Visual Studio 14
VisualStudioVersion = 14.0.25420.1
MinimumVisualStudioVersion = 10.0.40219.1
Project("{FAE04EC0-301F-11D3-BF4B-00C04F79EFBC}") = "DiMuro.Arthur.5i.XMLReadWrite", "DiMuro.Arthur.5i.XMLReadWrite\DiMuro.Arthur.5i.XMLReadWrite.csproj", "{FCAD691B-8372-4EBF-8687-6BB79C052F1E}"
EndProject
Global
	GlobalSection(SolutionConfigurationPlatforms) = preSolution
		Debug|Any CPU = Debug|Any CPU
		Release|Any CPU = Release|Any CPU
	EndGlobalSection
	GlobalSection(ProjectConfigurationPlatforms) = postSolution
		{FCAD691B-8372-4EBF-8687-6BB79C052F1E}.Debug|Any CPU.ActiveCfg = Debug|Any CPU
		{FCAD691B-8372-4EBF-8687-6BB79C052F1E}.Debug|Any CPU.Build.0 = Debug|Any CPU
		{FCAD691B-8372-4EBF-8687-6BB79C052F1E}.Release|Any CPU.ActiveCfg = Release|Any CPU
		{FCAD691B-8372-4EBF-8687-6BB79C052F1E}.Release|Any CPU.Build.0 = Release|Any CPU
	EndGlobalSection
	GlobalSection(SolutionProperties) = preSolution
		HideSolutionNode = FALSE
	EndGlobalSection
EndGlobal
